// !$*UTF8*$!
{
	archiveVersion = 1;
	classes = {
	};
	objectVersion = 56;
	objects = {

/* Begin PBXBuildFile section */
		DD3A433E297A3DF800A0DE77 /* TagSelectorView.swift in Sources */ = {isa = PBXBuildFile; fileRef = DD3A433D297A3DF800A0DE77 /* TagSelectorView.swift */; };
		DD41D86029760EDB00A13095 /* TagStore.swift in Sources */ = {isa = PBXBuildFile; fileRef = DD41D85F29760EDB00A13095 /* TagStore.swift */; };
		DD765EEF297CD6A600C75D63 /* PlaceStore.swift in Sources */ = {isa = PBXBuildFile; fileRef = DD765EEE297CD6A600C75D63 /* PlaceStore.swift */; };
		DD765EFC297DF8C600C75D63 /* Accelerate.framework in Frameworks */ = {isa = PBXBuildFile; fileRef = DD765EFB297DF8C600C75D63 /* Accelerate.framework */; };
		DD765F03297DF8E000C75D63 /* CoreData.framework in Frameworks */ = {isa = PBXBuildFile; fileRef = DD765EFD297DF8E000C75D63 /* CoreData.framework */; };
		DD765F04297DF8E000C75D63 /* CoreLocation.framework in Frameworks */ = {isa = PBXBuildFile; fileRef = DD765EFE297DF8E000C75D63 /* CoreLocation.framework */; };
		DD765F05297DF8E000C75D63 /* CoreImage.framework in Frameworks */ = {isa = PBXBuildFile; fileRef = DD765EFF297DF8E000C75D63 /* CoreImage.framework */; };
		DD765F06297DF8E000C75D63 /* CoreGraphics.framework in Frameworks */ = {isa = PBXBuildFile; fileRef = DD765F00297DF8E000C75D63 /* CoreGraphics.framework */; };
		DD765F07297DF8E000C75D63 /* CoreTelephony.framework in Frameworks */ = {isa = PBXBuildFile; fileRef = DD765F01297DF8E000C75D63 /* CoreTelephony.framework */; };
		DD765F08297DF8E000C75D63 /* CoreText.framework in Frameworks */ = {isa = PBXBuildFile; fileRef = DD765F02297DF8E000C75D63 /* CoreText.framework */; };
		DD765F0B297DF8F700C75D63 /* GLKit.framework in Frameworks */ = {isa = PBXBuildFile; fileRef = DD765F09297DF8F700C75D63 /* GLKit.framework */; };
		DD765F0C297DF8F700C75D63 /* ImageIO.framework in Frameworks */ = {isa = PBXBuildFile; fileRef = DD765F0A297DF8F700C75D63 /* ImageIO.framework */; };
		DD765F0E297DF90100C75D63 /* libc++.tbd in Frameworks */ = {isa = PBXBuildFile; fileRef = DD765F0D297DF90000C75D63 /* libc++.tbd */; };
		DD765F10297DF90600C75D63 /* libz.tbd in Frameworks */ = {isa = PBXBuildFile; fileRef = DD765F0F297DF90600C75D63 /* libz.tbd */; };
		DD765F16297DF92800C75D63 /* Metal.framework in Frameworks */ = {isa = PBXBuildFile; fileRef = DD765F11297DF92700C75D63 /* Metal.framework */; };
		DD765F17297DF92800C75D63 /* SystemConfiguration.framework in Frameworks */ = {isa = PBXBuildFile; fileRef = DD765F12297DF92700C75D63 /* SystemConfiguration.framework */; };
		DD765F18297DF92800C75D63 /* OpenGLES.framework in Frameworks */ = {isa = PBXBuildFile; fileRef = DD765F13297DF92700C75D63 /* OpenGLES.framework */; };
		DD765F19297DF92800C75D63 /* UIKit.framework in Frameworks */ = {isa = PBXBuildFile; fileRef = DD765F14297DF92700C75D63 /* UIKit.framework */; };
		DD765F1A297DF92800C75D63 /* QuartzCore.framework in Frameworks */ = {isa = PBXBuildFile; fileRef = DD765F15297DF92700C75D63 /* QuartzCore.framework */; };
		DD765F1C297DFA9E00C75D63 /* GooglePlaces.xcframework in Frameworks */ = {isa = PBXBuildFile; fileRef = DD765F1B297DFA9E00C75D63 /* GooglePlaces.xcframework */; };
		DD765F1F297E3C4300C75D63 /* GooglePlaces.bundle in Resources */ = {isa = PBXBuildFile; fileRef = DD765F1E297E3C4300C75D63 /* GooglePlaces.bundle */; };
		DD8C5C5729760A0C00727119 /* GoogleService-Info.plist in Resources */ = {isa = PBXBuildFile; fileRef = DD8C5C5629760A0C00727119 /* GoogleService-Info.plist */; };
		DD8C5C5829760A0C00727119 /* GoogleService-Info.plist in Resources */ = {isa = PBXBuildFile; fileRef = DD8C5C5629760A0C00727119 /* GoogleService-Info.plist */; };
		DD8C5C5B29760BBF00727119 /* FirebaseDatabase in Frameworks */ = {isa = PBXBuildFile; productRef = DD8C5C5A29760BBF00727119 /* FirebaseDatabase */; };
		DD8C5C5D29760BBF00727119 /* FirebaseDatabaseSwift in Frameworks */ = {isa = PBXBuildFile; productRef = DD8C5C5C29760BBF00727119 /* FirebaseDatabaseSwift */; };
		DD8C5C5F29760C3900727119 /* AppDelegate.swift in Sources */ = {isa = PBXBuildFile; fileRef = DD8C5C5E29760C3900727119 /* AppDelegate.swift */; };
		DDE680522975E32D00E418AB /* NoshNotesApp.swift in Sources */ = {isa = PBXBuildFile; fileRef = DDE680512975E32D00E418AB /* NoshNotesApp.swift */; };
		DDE680542975E32D00E418AB /* PlacesListView.swift in Sources */ = {isa = PBXBuildFile; fileRef = DDE680532975E32D00E418AB /* PlacesListView.swift */; };
		DDE680562975E32D00E418AB /* Assets.xcassets in Resources */ = {isa = PBXBuildFile; fileRef = DDE680552975E32D00E418AB /* Assets.xcassets */; };
		DDE680592975E32D00E418AB /* Preview Assets.xcassets in Resources */ = {isa = PBXBuildFile; fileRef = DDE680582975E32D00E418AB /* Preview Assets.xcassets */; };
		DDE680632975E32E00E418AB /* NoshNotesTests.swift in Sources */ = {isa = PBXBuildFile; fileRef = DDE680622975E32E00E418AB /* NoshNotesTests.swift */; };
/* End PBXBuildFile section */

/* Begin PBXContainerItemProxy section */
		DDE6805F2975E32E00E418AB /* PBXContainerItemProxy */ = {
			isa = PBXContainerItemProxy;
			containerPortal = DDE680462975E32D00E418AB /* Project object */;
			proxyType = 1;
			remoteGlobalIDString = DDE6804D2975E32D00E418AB;
			remoteInfo = NoshNotes;
		};
		DDE680692975E32E00E418AB /* PBXContainerItemProxy */ = {
			isa = PBXContainerItemProxy;
			containerPortal = DDE680462975E32D00E418AB /* Project object */;
			proxyType = 1;
			remoteGlobalIDString = DDE6804D2975E32D00E418AB;
			remoteInfo = NoshNotes;
		};
/* End PBXContainerItemProxy section */

/* Begin PBXFileReference section */
		DD3A433D297A3DF800A0DE77 /* TagSelectorView.swift */ = {isa = PBXFileReference; lastKnownFileType = sourcecode.swift; path = TagSelectorView.swift; sourceTree = "<group>"; };
		DD41D85F29760EDB00A13095 /* TagStore.swift */ = {isa = PBXFileReference; lastKnownFileType = sourcecode.swift; path = TagStore.swift; sourceTree = "<group>"; };
		DD765EEE297CD6A600C75D63 /* PlaceStore.swift */ = {isa = PBXFileReference; lastKnownFileType = sourcecode.swift; path = PlaceStore.swift; sourceTree = "<group>"; };
		DD765EFB297DF8C600C75D63 /* Accelerate.framework */ = {isa = PBXFileReference; lastKnownFileType = wrapper.framework; name = Accelerate.framework; path = System/Library/Frameworks/Accelerate.framework; sourceTree = SDKROOT; };
		DD765EFD297DF8E000C75D63 /* CoreData.framework */ = {isa = PBXFileReference; lastKnownFileType = wrapper.framework; name = CoreData.framework; path = System/Library/Frameworks/CoreData.framework; sourceTree = SDKROOT; };
		DD765EFE297DF8E000C75D63 /* CoreLocation.framework */ = {isa = PBXFileReference; lastKnownFileType = wrapper.framework; name = CoreLocation.framework; path = System/Library/Frameworks/CoreLocation.framework; sourceTree = SDKROOT; };
		DD765EFF297DF8E000C75D63 /* CoreImage.framework */ = {isa = PBXFileReference; lastKnownFileType = wrapper.framework; name = CoreImage.framework; path = System/Library/Frameworks/CoreImage.framework; sourceTree = SDKROOT; };
		DD765F00297DF8E000C75D63 /* CoreGraphics.framework */ = {isa = PBXFileReference; lastKnownFileType = wrapper.framework; name = CoreGraphics.framework; path = System/Library/Frameworks/CoreGraphics.framework; sourceTree = SDKROOT; };
		DD765F01297DF8E000C75D63 /* CoreTelephony.framework */ = {isa = PBXFileReference; lastKnownFileType = wrapper.framework; name = CoreTelephony.framework; path = System/Library/Frameworks/CoreTelephony.framework; sourceTree = SDKROOT; };
		DD765F02297DF8E000C75D63 /* CoreText.framework */ = {isa = PBXFileReference; lastKnownFileType = wrapper.framework; name = CoreText.framework; path = System/Library/Frameworks/CoreText.framework; sourceTree = SDKROOT; };
		DD765F09297DF8F700C75D63 /* GLKit.framework */ = {isa = PBXFileReference; lastKnownFileType = wrapper.framework; name = GLKit.framework; path = System/Library/Frameworks/GLKit.framework; sourceTree = SDKROOT; };
		DD765F0A297DF8F700C75D63 /* ImageIO.framework */ = {isa = PBXFileReference; lastKnownFileType = wrapper.framework; name = ImageIO.framework; path = System/Library/Frameworks/ImageIO.framework; sourceTree = SDKROOT; };
		DD765F0D297DF90000C75D63 /* libc++.tbd */ = {isa = PBXFileReference; lastKnownFileType = "sourcecode.text-based-dylib-definition"; name = "libc++.tbd"; path = "usr/lib/libc++.tbd"; sourceTree = SDKROOT; };
		DD765F0F297DF90600C75D63 /* libz.tbd */ = {isa = PBXFileReference; lastKnownFileType = "sourcecode.text-based-dylib-definition"; name = libz.tbd; path = usr/lib/libz.tbd; sourceTree = SDKROOT; };
		DD765F11297DF92700C75D63 /* Metal.framework */ = {isa = PBXFileReference; lastKnownFileType = wrapper.framework; name = Metal.framework; path = System/Library/Frameworks/Metal.framework; sourceTree = SDKROOT; };
		DD765F12297DF92700C75D63 /* SystemConfiguration.framework */ = {isa = PBXFileReference; lastKnownFileType = wrapper.framework; name = SystemConfiguration.framework; path = System/Library/Frameworks/SystemConfiguration.framework; sourceTree = SDKROOT; };
		DD765F13297DF92700C75D63 /* OpenGLES.framework */ = {isa = PBXFileReference; lastKnownFileType = wrapper.framework; name = OpenGLES.framework; path = System/Library/Frameworks/OpenGLES.framework; sourceTree = SDKROOT; };
		DD765F14297DF92700C75D63 /* UIKit.framework */ = {isa = PBXFileReference; lastKnownFileType = wrapper.framework; name = UIKit.framework; path = System/Library/Frameworks/UIKit.framework; sourceTree = SDKROOT; };
		DD765F15297DF92700C75D63 /* QuartzCore.framework */ = {isa = PBXFileReference; lastKnownFileType = wrapper.framework; name = QuartzCore.framework; path = System/Library/Frameworks/QuartzCore.framework; sourceTree = SDKROOT; };
		DD765F1B297DFA9E00C75D63 /* GooglePlaces.xcframework */ = {isa = PBXFileReference; lastKnownFileType = wrapper.xcframework; path = GooglePlaces.xcframework; sourceTree = "<group>"; };
		DD765F1E297E3C4300C75D63 /* GooglePlaces.bundle */ = {isa = PBXFileReference; lastKnownFileType = "wrapper.plug-in"; name = GooglePlaces.bundle; path = "GooglePlaces.xcframework/ios-arm64/GooglePlaces.framework/Resources/GooglePlaces.bundle"; sourceTree = "<group>"; };
		DD765F2029806AE500C75D63 /* PlacesAPIKey.xcconfig */ = {isa = PBXFileReference; lastKnownFileType = text.xcconfig; path = PlacesAPIKey.xcconfig; sourceTree = "<group>"; };
		DD765F2129806B9700C75D63 /* Info.plist */ = {isa = PBXFileReference; lastKnownFileType = text.plist; path = Info.plist; sourceTree = "<group>"; };
		DD8C5C5629760A0C00727119 /* GoogleService-Info.plist */ = {isa = PBXFileReference; fileEncoding = 4; lastKnownFileType = text.plist.xml; path = "GoogleService-Info.plist"; sourceTree = "<group>"; };
		DD8C5C5E29760C3900727119 /* AppDelegate.swift */ = {isa = PBXFileReference; lastKnownFileType = sourcecode.swift; path = AppDelegate.swift; sourceTree = "<group>"; };
		DDE6804E2975E32D00E418AB /* NoshNotes.app */ = {isa = PBXFileReference; explicitFileType = wrapper.application; includeInIndex = 0; path = NoshNotes.app; sourceTree = BUILT_PRODUCTS_DIR; };
		DDE680512975E32D00E418AB /* NoshNotesApp.swift */ = {isa = PBXFileReference; lastKnownFileType = sourcecode.swift; path = NoshNotesApp.swift; sourceTree = "<group>"; };
		DDE680532975E32D00E418AB /* PlacesListView.swift */ = {isa = PBXFileReference; lastKnownFileType = sourcecode.swift; path = PlacesListView.swift; sourceTree = "<group>"; };
		DDE680552975E32D00E418AB /* Assets.xcassets */ = {isa = PBXFileReference; lastKnownFileType = folder.assetcatalog; path = Assets.xcassets; sourceTree = "<group>"; };
		DDE680582975E32D00E418AB /* Preview Assets.xcassets */ = {isa = PBXFileReference; lastKnownFileType = folder.assetcatalog; path = "Preview Assets.xcassets"; sourceTree = "<group>"; };
		DDE6805E2975E32E00E418AB /* NoshNotesTests.xctest */ = {isa = PBXFileReference; explicitFileType = wrapper.cfbundle; includeInIndex = 0; path = NoshNotesTests.xctest; sourceTree = BUILT_PRODUCTS_DIR; };
		DDE680622975E32E00E418AB /* NoshNotesTests.swift */ = {isa = PBXFileReference; lastKnownFileType = sourcecode.swift; path = NoshNotesTests.swift; sourceTree = "<group>"; };
		DDE680682975E32E00E418AB /* NoshNotesUITests.xctest */ = {isa = PBXFileReference; explicitFileType = wrapper.cfbundle; includeInIndex = 0; path = NoshNotesUITests.xctest; sourceTree = BUILT_PRODUCTS_DIR; };
/* End PBXFileReference section */

/* Begin PBXFrameworksBuildPhase section */
		DDE6804B2975E32D00E418AB /* Frameworks */ = {
			isa = PBXFrameworksBuildPhase;
			buildActionMask = 2147483647;
			files = (
				DD765F16297DF92800C75D63 /* Metal.framework in Frameworks */,
				DD765F17297DF92800C75D63 /* SystemConfiguration.framework in Frameworks */,
				DD765F18297DF92800C75D63 /* OpenGLES.framework in Frameworks */,
				DD765F19297DF92800C75D63 /* UIKit.framework in Frameworks */,
				DD765F1A297DF92800C75D63 /* QuartzCore.framework in Frameworks */,
				DD765F10297DF90600C75D63 /* libz.tbd in Frameworks */,
				DD765F0E297DF90100C75D63 /* libc++.tbd in Frameworks */,
				DD765F0B297DF8F700C75D63 /* GLKit.framework in Frameworks */,
				DD765F0C297DF8F700C75D63 /* ImageIO.framework in Frameworks */,
				DD765F03297DF8E000C75D63 /* CoreData.framework in Frameworks */,
				DD765F04297DF8E000C75D63 /* CoreLocation.framework in Frameworks */,
				DD765F05297DF8E000C75D63 /* CoreImage.framework in Frameworks */,
				DD765F06297DF8E000C75D63 /* CoreGraphics.framework in Frameworks */,
				DD765F07297DF8E000C75D63 /* CoreTelephony.framework in Frameworks */,
				DD765F08297DF8E000C75D63 /* CoreText.framework in Frameworks */,
				DD765EFC297DF8C600C75D63 /* Accelerate.framework in Frameworks */,
				DD8C5C5D29760BBF00727119 /* FirebaseDatabaseSwift in Frameworks */,
				DD765F1C297DFA9E00C75D63 /* GooglePlaces.xcframework in Frameworks */,
				DD8C5C5B29760BBF00727119 /* FirebaseDatabase in Frameworks */,
			);
			runOnlyForDeploymentPostprocessing = 0;
		};
		DDE6805B2975E32D00E418AB /* Frameworks */ = {
			isa = PBXFrameworksBuildPhase;
			buildActionMask = 2147483647;
			files = (
			);
			runOnlyForDeploymentPostprocessing = 0;
		};
		DDE680652975E32E00E418AB /* Frameworks */ = {
			isa = PBXFrameworksBuildPhase;
			buildActionMask = 2147483647;
			files = (
			);
			runOnlyForDeploymentPostprocessing = 0;
		};
/* End PBXFrameworksBuildPhase section */

/* Begin PBXGroup section */
		DD765EFA297DF8C600C75D63 /* Frameworks */ = {
			isa = PBXGroup;
			children = (
				DD765F11297DF92700C75D63 /* Metal.framework */,
				DD765F13297DF92700C75D63 /* OpenGLES.framework */,
				DD765F15297DF92700C75D63 /* QuartzCore.framework */,
				DD765F12297DF92700C75D63 /* SystemConfiguration.framework */,
				DD765F14297DF92700C75D63 /* UIKit.framework */,
				DD765F0F297DF90600C75D63 /* libz.tbd */,
				DD765F0D297DF90000C75D63 /* libc++.tbd */,
				DD765F09297DF8F700C75D63 /* GLKit.framework */,
				DD765F0A297DF8F700C75D63 /* ImageIO.framework */,
				DD765EFD297DF8E000C75D63 /* CoreData.framework */,
				DD765F00297DF8E000C75D63 /* CoreGraphics.framework */,
				DD765EFF297DF8E000C75D63 /* CoreImage.framework */,
				DD765EFE297DF8E000C75D63 /* CoreLocation.framework */,
				DD765F01297DF8E000C75D63 /* CoreTelephony.framework */,
				DD765F02297DF8E000C75D63 /* CoreText.framework */,
				DD765EFB297DF8C600C75D63 /* Accelerate.framework */,
			);
			name = Frameworks;
			sourceTree = "<group>";
		};
		DDE680452975E32D00E418AB = {
			isa = PBXGroup;
			children = (
				DD765F1E297E3C4300C75D63 /* GooglePlaces.bundle */,
				DD765F1B297DFA9E00C75D63 /* GooglePlaces.xcframework */,
				DDE680502975E32D00E418AB /* NoshNotes */,
				DDE680612975E32E00E418AB /* NoshNotesTests */,
				DDE6804F2975E32D00E418AB /* Products */,
				DD765EFA297DF8C600C75D63 /* Frameworks */,
			);
			sourceTree = "<group>";
		};
		DDE6804F2975E32D00E418AB /* Products */ = {
			isa = PBXGroup;
			children = (
				DDE6804E2975E32D00E418AB /* NoshNotes.app */,
				DDE6805E2975E32E00E418AB /* NoshNotesTests.xctest */,
				DDE680682975E32E00E418AB /* NoshNotesUITests.xctest */,
			);
			name = Products;
			sourceTree = "<group>";
		};
		DDE680502975E32D00E418AB /* NoshNotes */ = {
			isa = PBXGroup;
			children = (
				DD765F2129806B9700C75D63 /* Info.plist */,
				DD8C5C5629760A0C00727119 /* GoogleService-Info.plist */,
				DDE680512975E32D00E418AB /* NoshNotesApp.swift */,
				DD8C5C5E29760C3900727119 /* AppDelegate.swift */,
				DD41D85F29760EDB00A13095 /* TagStore.swift */,
				DD765EEE297CD6A600C75D63 /* PlaceStore.swift */,
				DDE680532975E32D00E418AB /* PlacesListView.swift */,
				DD3A433D297A3DF800A0DE77 /* TagSelectorView.swift */,
				DDE680552975E32D00E418AB /* Assets.xcassets */,
				DDE680572975E32D00E418AB /* Preview Content */,
				DD765F2029806AE500C75D63 /* PlacesAPIKey.xcconfig */,
			);
			path = NoshNotes;
			sourceTree = "<group>";
		};
		DDE680572975E32D00E418AB /* Preview Content */ = {
			isa = PBXGroup;
			children = (
				DDE680582975E32D00E418AB /* Preview Assets.xcassets */,
			);
			path = "Preview Content";
			sourceTree = "<group>";
		};
		DDE680612975E32E00E418AB /* NoshNotesTests */ = {
			isa = PBXGroup;
			children = (
				DDE680622975E32E00E418AB /* NoshNotesTests.swift */,
			);
			path = NoshNotesTests;
			sourceTree = "<group>";
		};
/* End PBXGroup section */

/* Begin PBXNativeTarget section */
		DDE6804D2975E32D00E418AB /* NoshNotes */ = {
			isa = PBXNativeTarget;
			buildConfigurationList = DDE680722975E32E00E418AB /* Build configuration list for PBXNativeTarget "NoshNotes" */;
			buildPhases = (
				DDE6804A2975E32D00E418AB /* Sources */,
				DDE6804B2975E32D00E418AB /* Frameworks */,
				DDE6804C2975E32D00E418AB /* Resources */,
			);
			buildRules = (
			);
			dependencies = (
			);
			name = NoshNotes;
			packageProductDependencies = (
				DD8C5C5A29760BBF00727119 /* FirebaseDatabase */,
				DD8C5C5C29760BBF00727119 /* FirebaseDatabaseSwift */,
			);
			productName = NoshNotes;
			productReference = DDE6804E2975E32D00E418AB /* NoshNotes.app */;
			productType = "com.apple.product-type.application";
		};
		DDE6805D2975E32D00E418AB /* NoshNotesTests */ = {
			isa = PBXNativeTarget;
			buildConfigurationList = DDE680752975E32E00E418AB /* Build configuration list for PBXNativeTarget "NoshNotesTests" */;
			buildPhases = (
				DDE6805A2975E32D00E418AB /* Sources */,
				DDE6805B2975E32D00E418AB /* Frameworks */,
				DDE6805C2975E32D00E418AB /* Resources */,
			);
			buildRules = (
			);
			dependencies = (
				DDE680602975E32E00E418AB /* PBXTargetDependency */,
			);
			name = NoshNotesTests;
			productName = NoshNotesTests;
			productReference = DDE6805E2975E32E00E418AB /* NoshNotesTests.xctest */;
			productType = "com.apple.product-type.bundle.unit-test";
		};
		DDE680672975E32E00E418AB /* NoshNotesUITests */ = {
			isa = PBXNativeTarget;
			buildConfigurationList = DDE680782975E32E00E418AB /* Build configuration list for PBXNativeTarget "NoshNotesUITests" */;
			buildPhases = (
				DDE680642975E32E00E418AB /* Sources */,
				DDE680652975E32E00E418AB /* Frameworks */,
				DDE680662975E32E00E418AB /* Resources */,
			);
			buildRules = (
			);
			dependencies = (
				DDE6806A2975E32E00E418AB /* PBXTargetDependency */,
			);
			name = NoshNotesUITests;
			productName = NoshNotesUITests;
			productReference = DDE680682975E32E00E418AB /* NoshNotesUITests.xctest */;
			productType = "com.apple.product-type.bundle.ui-testing";
		};
/* End PBXNativeTarget section */

/* Begin PBXProject section */
		DDE680462975E32D00E418AB /* Project object */ = {
			isa = PBXProject;
			attributes = {
				BuildIndependentTargetsInParallel = 1;
				LastSwiftUpdateCheck = 1410;
				LastUpgradeCheck = 1410;
				TargetAttributes = {
					DDE6804D2975E32D00E418AB = {
						CreatedOnToolsVersion = 14.1;
					};
					DDE6805D2975E32D00E418AB = {
						CreatedOnToolsVersion = 14.1;
						TestTargetID = DDE6804D2975E32D00E418AB;
					};
					DDE680672975E32E00E418AB = {
						CreatedOnToolsVersion = 14.1;
						TestTargetID = DDE6804D2975E32D00E418AB;
					};
				};
			};
			buildConfigurationList = DDE680492975E32D00E418AB /* Build configuration list for PBXProject "NoshNotes" */;
			compatibilityVersion = "Xcode 14.0";
			developmentRegion = en;
			hasScannedForEncodings = 0;
			knownRegions = (
				en,
				Base,
			);
			mainGroup = DDE680452975E32D00E418AB;
			packageReferences = (
				DD8C5C5929760BBF00727119 /* XCRemoteSwiftPackageReference "firebase-ios-sdk" */,
			);
			productRefGroup = DDE6804F2975E32D00E418AB /* Products */;
			projectDirPath = "";
			projectRoot = "";
			targets = (
				DDE6804D2975E32D00E418AB /* NoshNotes */,
				DDE6805D2975E32D00E418AB /* NoshNotesTests */,
				DDE680672975E32E00E418AB /* NoshNotesUITests */,
			);
		};
/* End PBXProject section */

/* Begin PBXResourcesBuildPhase section */
		DDE6804C2975E32D00E418AB /* Resources */ = {
			isa = PBXResourcesBuildPhase;
			buildActionMask = 2147483647;
			files = (
				DDE680592975E32D00E418AB /* Preview Assets.xcassets in Resources */,
				DDE680562975E32D00E418AB /* Assets.xcassets in Resources */,
				DD8C5C5729760A0C00727119 /* GoogleService-Info.plist in Resources */,
				DD765F1F297E3C4300C75D63 /* GooglePlaces.bundle in Resources */,
			);
			runOnlyForDeploymentPostprocessing = 0;
		};
		DDE6805C2975E32D00E418AB /* Resources */ = {
			isa = PBXResourcesBuildPhase;
			buildActionMask = 2147483647;
			files = (
				DD8C5C5829760A0C00727119 /* GoogleService-Info.plist in Resources */,
			);
			runOnlyForDeploymentPostprocessing = 0;
		};
		DDE680662975E32E00E418AB /* Resources */ = {
			isa = PBXResourcesBuildPhase;
			buildActionMask = 2147483647;
			files = (
			);
			runOnlyForDeploymentPostprocessing = 0;
		};
/* End PBXResourcesBuildPhase section */

/* Begin PBXSourcesBuildPhase section */
		DDE6804A2975E32D00E418AB /* Sources */ = {
			isa = PBXSourcesBuildPhase;
			buildActionMask = 2147483647;
			files = (
				DD3A433E297A3DF800A0DE77 /* TagSelectorView.swift in Sources */,
				DD8C5C5F29760C3900727119 /* AppDelegate.swift in Sources */,
				DD41D86029760EDB00A13095 /* TagStore.swift in Sources */,
				DDE680542975E32D00E418AB /* PlacesListView.swift in Sources */,
				DDE680522975E32D00E418AB /* NoshNotesApp.swift in Sources */,
				DD765EEF297CD6A600C75D63 /* PlaceStore.swift in Sources */,
			);
			runOnlyForDeploymentPostprocessing = 0;
		};
		DDE6805A2975E32D00E418AB /* Sources */ = {
			isa = PBXSourcesBuildPhase;
			buildActionMask = 2147483647;
			files = (
				DDE680632975E32E00E418AB /* NoshNotesTests.swift in Sources */,
			);
			runOnlyForDeploymentPostprocessing = 0;
		};
		DDE680642975E32E00E418AB /* Sources */ = {
			isa = PBXSourcesBuildPhase;
			buildActionMask = 2147483647;
			files = (
			);
			runOnlyForDeploymentPostprocessing = 0;
		};
/* End PBXSourcesBuildPhase section */

/* Begin PBXTargetDependency section */
		DDE680602975E32E00E418AB /* PBXTargetDependency */ = {
			isa = PBXTargetDependency;
			target = DDE6804D2975E32D00E418AB /* NoshNotes */;
			targetProxy = DDE6805F2975E32E00E418AB /* PBXContainerItemProxy */;
		};
		DDE6806A2975E32E00E418AB /* PBXTargetDependency */ = {
			isa = PBXTargetDependency;
			target = DDE6804D2975E32D00E418AB /* NoshNotes */;
			targetProxy = DDE680692975E32E00E418AB /* PBXContainerItemProxy */;
		};
/* End PBXTargetDependency section */

/* Begin XCBuildConfiguration section */
		DDE680702975E32E00E418AB /* Debug */ = {
			isa = XCBuildConfiguration;
			baseConfigurationReference = DD765F2029806AE500C75D63 /* PlacesAPIKey.xcconfig */;
			buildSettings = {
				ALWAYS_SEARCH_USER_PATHS = NO;
				CLANG_ANALYZER_NONNULL = YES;
				CLANG_ANALYZER_NUMBER_OBJECT_CONVERSION = YES_AGGRESSIVE;
				CLANG_CXX_LANGUAGE_STANDARD = "gnu++20";
				CLANG_ENABLE_MODULES = YES;
				CLANG_ENABLE_OBJC_ARC = YES;
				CLANG_ENABLE_OBJC_WEAK = YES;
				CLANG_WARN_BLOCK_CAPTURE_AUTORELEASING = YES;
				CLANG_WARN_BOOL_CONVERSION = YES;
				CLANG_WARN_COMMA = YES;
				CLANG_WARN_CONSTANT_CONVERSION = YES;
				CLANG_WARN_DEPRECATED_OBJC_IMPLEMENTATIONS = YES;
				CLANG_WARN_DIRECT_OBJC_ISA_USAGE = YES_ERROR;
				CLANG_WARN_DOCUMENTATION_COMMENTS = YES;
				CLANG_WARN_EMPTY_BODY = YES;
				CLANG_WARN_ENUM_CONVERSION = YES;
				CLANG_WARN_INFINITE_RECURSION = YES;
				CLANG_WARN_INT_CONVERSION = YES;
				CLANG_WARN_NON_LITERAL_NULL_CONVERSION = YES;
				CLANG_WARN_OBJC_IMPLICIT_RETAIN_SELF = YES;
				CLANG_WARN_OBJC_LITERAL_CONVERSION = YES;
				CLANG_WARN_OBJC_ROOT_CLASS = YES_ERROR;
				CLANG_WARN_QUOTED_INCLUDE_IN_FRAMEWORK_HEADER = YES;
				CLANG_WARN_RANGE_LOOP_ANALYSIS = YES;
				CLANG_WARN_STRICT_PROTOTYPES = YES;
				CLANG_WARN_SUSPICIOUS_MOVE = YES;
				CLANG_WARN_UNGUARDED_AVAILABILITY = YES_AGGRESSIVE;
				CLANG_WARN_UNREACHABLE_CODE = YES;
				CLANG_WARN__DUPLICATE_METHOD_MATCH = YES;
				COPY_PHASE_STRIP = NO;
				DEBUG_INFORMATION_FORMAT = dwarf;
				ENABLE_STRICT_OBJC_MSGSEND = YES;
				ENABLE_TESTABILITY = YES;
				GCC_C_LANGUAGE_STANDARD = gnu11;
				GCC_DYNAMIC_NO_PIC = NO;
				GCC_NO_COMMON_BLOCKS = YES;
				GCC_OPTIMIZATION_LEVEL = 0;
				GCC_PREPROCESSOR_DEFINITIONS = (
					"DEBUG=1",
					"$(inherited)",
				);
				GCC_WARN_64_TO_32_BIT_CONVERSION = YES;
				GCC_WARN_ABOUT_RETURN_TYPE = YES_ERROR;
				GCC_WARN_UNDECLARED_SELECTOR = YES;
				GCC_WARN_UNINITIALIZED_AUTOS = YES_AGGRESSIVE;
				GCC_WARN_UNUSED_FUNCTION = YES;
				GCC_WARN_UNUSED_VARIABLE = YES;
				IPHONEOS_DEPLOYMENT_TARGET = 16.1;
				MTL_ENABLE_DEBUG_INFO = INCLUDE_SOURCE;
				MTL_FAST_MATH = YES;
				ONLY_ACTIVE_ARCH = YES;
				OTHER_LDFLAGS = "-ObjC";
				SDKROOT = iphoneos;
				SWIFT_ACTIVE_COMPILATION_CONDITIONS = DEBUG;
				SWIFT_OPTIMIZATION_LEVEL = "-Onone";
			};
			name = Debug;
		};
		DDE680712975E32E00E418AB /* Release */ = {
			isa = XCBuildConfiguration;
			baseConfigurationReference = DD765F2029806AE500C75D63 /* PlacesAPIKey.xcconfig */;
			buildSettings = {
				ALWAYS_SEARCH_USER_PATHS = NO;
				CLANG_ANALYZER_NONNULL = YES;
				CLANG_ANALYZER_NUMBER_OBJECT_CONVERSION = YES_AGGRESSIVE;
				CLANG_CXX_LANGUAGE_STANDARD = "gnu++20";
				CLANG_ENABLE_MODULES = YES;
				CLANG_ENABLE_OBJC_ARC = YES;
				CLANG_ENABLE_OBJC_WEAK = YES;
				CLANG_WARN_BLOCK_CAPTURE_AUTORELEASING = YES;
				CLANG_WARN_BOOL_CONVERSION = YES;
				CLANG_WARN_COMMA = YES;
				CLANG_WARN_CONSTANT_CONVERSION = YES;
				CLANG_WARN_DEPRECATED_OBJC_IMPLEMENTATIONS = YES;
				CLANG_WARN_DIRECT_OBJC_ISA_USAGE = YES_ERROR;
				CLANG_WARN_DOCUMENTATION_COMMENTS = YES;
				CLANG_WARN_EMPTY_BODY = YES;
				CLANG_WARN_ENUM_CONVERSION = YES;
				CLANG_WARN_INFINITE_RECURSION = YES;
				CLANG_WARN_INT_CONVERSION = YES;
				CLANG_WARN_NON_LITERAL_NULL_CONVERSION = YES;
				CLANG_WARN_OBJC_IMPLICIT_RETAIN_SELF = YES;
				CLANG_WARN_OBJC_LITERAL_CONVERSION = YES;
				CLANG_WARN_OBJC_ROOT_CLASS = YES_ERROR;
				CLANG_WARN_QUOTED_INCLUDE_IN_FRAMEWORK_HEADER = YES;
				CLANG_WARN_RANGE_LOOP_ANALYSIS = YES;
				CLANG_WARN_STRICT_PROTOTYPES = YES;
				CLANG_WARN_SUSPICIOUS_MOVE = YES;
				CLANG_WARN_UNGUARDED_AVAILABILITY = YES_AGGRESSIVE;
				CLANG_WARN_UNREACHABLE_CODE = YES;
				CLANG_WARN__DUPLICATE_METHOD_MATCH = YES;
				COPY_PHASE_STRIP = NO;
				DEBUG_INFORMATION_FORMAT = "dwarf-with-dsym";
				ENABLE_NS_ASSERTIONS = NO;
				ENABLE_STRICT_OBJC_MSGSEND = YES;
				GCC_C_LANGUAGE_STANDARD = gnu11;
				GCC_NO_COMMON_BLOCKS = YES;
				GCC_WARN_64_TO_32_BIT_CONVERSION = YES;
				GCC_WARN_ABOUT_RETURN_TYPE = YES_ERROR;
				GCC_WARN_UNDECLARED_SELECTOR = YES;
				GCC_WARN_UNINITIALIZED_AUTOS = YES_AGGRESSIVE;
				GCC_WARN_UNUSED_FUNCTION = YES;
				GCC_WARN_UNUSED_VARIABLE = YES;
				IPHONEOS_DEPLOYMENT_TARGET = 16.1;
				MTL_ENABLE_DEBUG_INFO = NO;
				MTL_FAST_MATH = YES;
				OTHER_LDFLAGS = "-ObjC";
				SDKROOT = iphoneos;
				SWIFT_COMPILATION_MODE = wholemodule;
				SWIFT_OPTIMIZATION_LEVEL = "-O";
				VALIDATE_PRODUCT = YES;
			};
			name = Release;
		};
		DDE680732975E32E00E418AB /* Debug */ = {
			isa = XCBuildConfiguration;
			buildSettings = {
				ASSETCATALOG_COMPILER_APPICON_NAME = AppIcon;
				ASSETCATALOG_COMPILER_GLOBAL_ACCENT_COLOR_NAME = AccentColor;
				CODE_SIGN_STYLE = Automatic;
				CURRENT_PROJECT_VERSION = 1;
				DEVELOPMENT_ASSET_PATHS = "\"NoshNotes/Preview Content\"";
				DEVELOPMENT_TEAM = KBDAQ88SVF;
				ENABLE_PREVIEWS = YES;
				GENERATE_INFOPLIST_FILE = YES;
				INFOPLIST_FILE = NoshNotes/Info.plist;
				INFOPLIST_KEY_UIApplicationSceneManifest_Generation = YES;
				INFOPLIST_KEY_UIApplicationSupportsIndirectInputEvents = YES;
				INFOPLIST_KEY_UILaunchScreen_Generation = YES;
				INFOPLIST_KEY_UISupportedInterfaceOrientations_iPad = "UIInterfaceOrientationPortrait UIInterfaceOrientationPortraitUpsideDown UIInterfaceOrientationLandscapeLeft UIInterfaceOrientationLandscapeRight";
				INFOPLIST_KEY_UISupportedInterfaceOrientations_iPhone = "UIInterfaceOrientationPortrait UIInterfaceOrientationLandscapeLeft UIInterfaceOrientationLandscapeRight";
				LD_RUNPATH_SEARCH_PATHS = (
					"$(inherited)",
					"@executable_path/Frameworks",
				);
				MARKETING_VERSION = 1.0;
				PRODUCT_BUNDLE_IDENTIFIER = com.siendy.NoshNotes;
				PRODUCT_NAME = "$(TARGET_NAME)";
				SWIFT_EMIT_LOC_STRINGS = YES;
				SWIFT_VERSION = 5.0;
				TARGETED_DEVICE_FAMILY = "1,2";
			};
			name = Debug;
		};
		DDE680742975E32E00E418AB /* Release */ = {
			isa = XCBuildConfiguration;
			buildSettings = {
				ASSETCATALOG_COMPILER_APPICON_NAME = AppIcon;
				ASSETCATALOG_COMPILER_GLOBAL_ACCENT_COLOR_NAME = AccentColor;
				CODE_SIGN_STYLE = Automatic;
				CURRENT_PROJECT_VERSION = 1;
				DEVELOPMENT_ASSET_PATHS = "\"NoshNotes/Preview Content\"";
				DEVELOPMENT_TEAM = KBDAQ88SVF;
				ENABLE_PREVIEWS = YES;
				GENERATE_INFOPLIST_FILE = YES;
				INFOPLIST_FILE = NoshNotes/Info.plist;
				INFOPLIST_KEY_UIApplicationSceneManifest_Generation = YES;
				INFOPLIST_KEY_UIApplicationSupportsIndirectInputEvents = YES;
				INFOPLIST_KEY_UILaunchScreen_Generation = YES;
				INFOPLIST_KEY_UISupportedInterfaceOrientations_iPad = "UIInterfaceOrientationPortrait UIInterfaceOrientationPortraitUpsideDown UIInterfaceOrientationLandscapeLeft UIInterfaceOrientationLandscapeRight";
				INFOPLIST_KEY_UISupportedInterfaceOrientations_iPhone = "UIInterfaceOrientationPortrait UIInterfaceOrientationLandscapeLeft UIInterfaceOrientationLandscapeRight";
				LD_RUNPATH_SEARCH_PATHS = (
					"$(inherited)",
					"@executable_path/Frameworks",
				);
				MARKETING_VERSION = 1.0;
				PRODUCT_BUNDLE_IDENTIFIER = com.siendy.NoshNotes;
				PRODUCT_NAME = "$(TARGET_NAME)";
				SWIFT_EMIT_LOC_STRINGS = YES;
				SWIFT_VERSION = 5.0;
				TARGETED_DEVICE_FAMILY = "1,2";
			};
			name = Release;
		};
		DDE680762975E32E00E418AB /* Debug */ = {
			isa = XCBuildConfiguration;
			buildSettings = {
				ALWAYS_EMBED_SWIFT_STANDARD_LIBRARIES = YES;
				BUNDLE_LOADER = "$(TEST_HOST)";
				CODE_SIGN_STYLE = Automatic;
				CURRENT_PROJECT_VERSION = 1;
				DEVELOPMENT_TEAM = KBDAQ88SVF;
				GENERATE_INFOPLIST_FILE = YES;
				IPHONEOS_DEPLOYMENT_TARGET = 16.1;
				MARKETING_VERSION = 1.0;
				PRODUCT_BUNDLE_IDENTIFIER = com.siendy.NoshNotesTests;
				PRODUCT_NAME = "$(TARGET_NAME)";
				SWIFT_EMIT_LOC_STRINGS = NO;
				SWIFT_VERSION = 5.0;
				TARGETED_DEVICE_FAMILY = "1,2";
				TEST_HOST = "$(BUILT_PRODUCTS_DIR)/NoshNotes.app/$(BUNDLE_EXECUTABLE_FOLDER_PATH)/NoshNotes";
			};
			name = Debug;
		};
		DDE680772975E32E00E418AB /* Release */ = {
			isa = XCBuildConfiguration;
			buildSettings = {
				ALWAYS_EMBED_SWIFT_STANDARD_LIBRARIES = YES;
				BUNDLE_LOADER = "$(TEST_HOST)";
				CODE_SIGN_STYLE = Automatic;
				CURRENT_PROJECT_VERSION = 1;
				DEVELOPMENT_TEAM = KBDAQ88SVF;
				GENERATE_INFOPLIST_FILE = YES;
				IPHONEOS_DEPLOYMENT_TARGET = 16.1;
				MARKETING_VERSION = 1.0;
				PRODUCT_BUNDLE_IDENTIFIER = com.siendy.NoshNotesTests;
				PRODUCT_NAME = "$(TARGET_NAME)";
				SWIFT_EMIT_LOC_STRINGS = NO;
				SWIFT_VERSION = 5.0;
				TARGETED_DEVICE_FAMILY = "1,2";
				TEST_HOST = "$(BUILT_PRODUCTS_DIR)/NoshNotes.app/$(BUNDLE_EXECUTABLE_FOLDER_PATH)/NoshNotes";
			};
			name = Release;
		};
		DDE680792975E32E00E418AB /* Debug */ = {
			isa = XCBuildConfiguration;
			buildSettings = {
				ALWAYS_EMBED_SWIFT_STANDARD_LIBRARIES = YES;
				CODE_SIGN_STYLE = Automatic;
				CURRENT_PROJECT_VERSION = 1;
				DEVELOPMENT_TEAM = KBDAQ88SVF;
				GENERATE_INFOPLIST_FILE = YES;
				MARKETING_VERSION = 1.0;
				PRODUCT_BUNDLE_IDENTIFIER = com.siendy.NoshNotesUITests;
				PRODUCT_NAME = "$(TARGET_NAME)";
				SWIFT_EMIT_LOC_STRINGS = NO;
				SWIFT_VERSION = 5.0;
				TARGETED_DEVICE_FAMILY = "1,2";
				TEST_TARGET_NAME = NoshNotes;
			};
			name = Debug;
		};
		DDE6807A2975E32E00E418AB /* Release */ = {
			isa = XCBuildConfiguration;
			buildSettings = {
				ALWAYS_EMBED_SWIFT_STANDARD_LIBRARIES = YES;
				CODE_SIGN_STYLE = Automatic;
				CURRENT_PROJECT_VERSION = 1;
				DEVELOPMENT_TEAM = KBDAQ88SVF;
				GENERATE_INFOPLIST_FILE = YES;
				MARKETING_VERSION = 1.0;
				PRODUCT_BUNDLE_IDENTIFIER = com.siendy.NoshNotesUITests;
				PRODUCT_NAME = "$(TARGET_NAME)";
				SWIFT_EMIT_LOC_STRINGS = NO;
				SWIFT_VERSION = 5.0;
				TARGETED_DEVICE_FAMILY = "1,2";
				TEST_TARGET_NAME = NoshNotes;
			};
			name = Release;
		};
/* End XCBuildConfiguration section */

/* Begin XCConfigurationList section */
		DDE680492975E32D00E418AB /* Build configuration list for PBXProject "NoshNotes" */ = {
			isa = XCConfigurationList;
			buildConfigurations = (
				DDE680702975E32E00E418AB /* Debug */,
				DDE680712975E32E00E418AB /* Release */,
			);
			defaultConfigurationIsVisible = 0;
			defaultConfigurationName = Release;
		};
		DDE680722975E32E00E418AB /* Build configuration list for PBXNativeTarget "NoshNotes" */ = {
			isa = XCConfigurationList;
			buildConfigurations = (
				DDE680732975E32E00E418AB /* Debug */,
				DDE680742975E32E00E418AB /* Release */,
			);
			defaultConfigurationIsVisible = 0;
			defaultConfigurationName = Release;
		};
		DDE680752975E32E00E418AB /* Build configuration list for PBXNativeTarget "NoshNotesTests" */ = {
			isa = XCConfigurationList;
			buildConfigurations = (
				DDE680762975E32E00E418AB /* Debug */,
				DDE680772975E32E00E418AB /* Release */,
			);
			defaultConfigurationIsVisible = 0;
			defaultConfigurationName = Release;
		};
		DDE680782975E32E00E418AB /* Build configuration list for PBXNativeTarget "NoshNotesUITests" */ = {
			isa = XCConfigurationList;
			buildConfigurations = (
				DDE680792975E32E00E418AB /* Debug */,
				DDE6807A2975E32E00E418AB /* Release */,
			);
			defaultConfigurationIsVisible = 0;
			defaultConfigurationName = Release;
		};
/* End XCConfigurationList section */

/* Begin XCRemoteSwiftPackageReference section */
		DD8C5C5929760BBF00727119 /* XCRemoteSwiftPackageReference "firebase-ios-sdk" */ = {
			isa = XCRemoteSwiftPackageReference;
			repositoryURL = "https://github.com/firebase/firebase-ios-sdk";
			requirement = {
				kind = upToNextMajorVersion;
				minimumVersion = 9.0.0;
			};
		};
/* End XCRemoteSwiftPackageReference section */

/* Begin XCSwiftPackageProductDependency section */
		DD8C5C5A29760BBF00727119 /* FirebaseDatabase */ = {
			isa = XCSwiftPackageProductDependency;
			package = DD8C5C5929760BBF00727119 /* XCRemoteSwiftPackageReference "firebase-ios-sdk" */;
			productName = FirebaseDatabase;
		};
		DD8C5C5C29760BBF00727119 /* FirebaseDatabaseSwift */ = {
			isa = XCSwiftPackageProductDependency;
			package = DD8C5C5929760BBF00727119 /* XCRemoteSwiftPackageReference "firebase-ios-sdk" */;
			productName = FirebaseDatabaseSwift;
		};
/* End XCSwiftPackageProductDependency section */
	};
	rootObject = DDE680462975E32D00E418AB /* Project object */;
}
